Microsoft Visual Studio Solution File, Format Version 12.00
# Visual Studio Version 17
VisualStudioVersion = 17.13.35919.96
MinimumVisualStudioVersion = 10.0.40219.1
Project("{8BC9CEB8-8B4A-11D0-8D11-00A0C91BC942}") = "Memoria", "..\Memoria\msvc\Memoria.vcxproj", "{AA640A83-D40A-4349-9D7D-D8CD7AE2AB09}"
EndProject
Global
	GlobalSection(SolutionConfigurationPlatforms) = preSolution
		Debug|x64 = Debug|x64
		Debug|x86 = Debug|x86
		Release|x64 = Release|x64
		Release|x86 = Release|x86
	EndGlobalSection
	GlobalSection(ProjectConfigurationPlatforms) = postSolution
		{AA640A83-D40A-4349-9D7D-D8CD7AE2AB09}.Debug|x64.ActiveCfg = Debug|x64
		{AA640A83-D40A-4349-9D7D-D8CD7AE2AB09}.Debug|x64.Build.0 = Debug|x64
		{AA640A83-D40A-4349-9D7D-D8CD7AE2AB09}.Debug|x86.ActiveCfg = Debug|Win32
		{AA640A83-D40A-4349-9D7D-D8CD7AE2AB09}.Debug|x86.Build.0 = Debug|Win32
		{AA640A83-D40A-4349-9D7D-D8CD7AE2AB09}.Release|x64.ActiveCfg = Release|x64
		{AA640A83-D40A-4349-9D7D-D8CD7AE2AB09}.Release|x64.Build.0 = Release|x64
		{AA640A83-D40A-4349-9D7D-D8CD7AE2AB09}.Release|x86.ActiveCfg = Release|Win32
		{AA640A83-D40A-4349-9D7D-D8CD7AE2AB09}.Release|x86.Build.0 = Release|Win32
	EndGlobalSection
	GlobalSection(SolutionProperties) = preSolution
		HideSolutionNode = FALSE
	EndGlobalSection
	GlobalSection(ExtensibilityGlobals) = postSolution
		SolutionGuid = {D20EE739-6A1F-4F13-876B-AA052533CEBA}
	EndGlobalSection
EndGlobal
